
Microsoft Visual Studio Solution File, Format Version 12.00
# Visual Studio 15
VisualStudioVersion = 15.0.28010.2046
MinimumVisualStudioVersion = 10.0.40219.1
Project("{FAE04EC0-301F-11D3-BF4B-00C04F79EFBC}") = "Task1", "Task1\Task1.csproj", "{D1CB05B9-0663-4645-BFB0-080A167B1A46}"
EndProject
Project("{FAE04EC0-301F-11D3-BF4B-00C04F79EFBC}") = "Task2", "Task2\Task2.csproj", "{1BF56D04-6A54-42DD-94BD-141186647456}"
EndProject
Project("{FAE04EC0-301F-11D3-BF4B-00C04F79EFBC}") = "Task3", "Task3\Task3.csproj", "{A3E20733-5826-40AA-9ADB-AB62D5C23E7C}"
EndProject
Project("{FAE04EC0-301F-11D3-BF4B-00C04F79EFBC}") = "Task4", "Task4\Task4.csproj", "{A626BD93-39B2-48A2-A31C-7BC2675D9B14}"
EndProject
Project("{FAE04EC0-301F-11D3-BF4B-00C04F79EFBC}") = "Task5", "Task5\Task5.csproj", "{3B5672AE-E189-4A99-A9AE-25795E7EAF05}"
EndProject
Project("{FAE04EC0-301F-11D3-BF4B-00C04F79EFBC}") = "Task6", "Task6\Task6.csproj", "{FD239A83-1486-47B4-A097-D5C2FD5D54FE}"
EndProject
Project("{FAE04EC0-301F-11D3-BF4B-00C04F79EFBC}") = "Task7", "Task7\Task7.csproj", "{796B639F-3F6A-45FF-B16C-3985B642B7CE}"
EndProject
Project("{FAE04EC0-301F-11D3-BF4B-00C04F79EFBC}") = "Task8", "Task8\Task8.csproj", "{E857744A-09F8-44C6-858B-3C2D5A5F2721}"
EndProject
Project("{FAE04EC0-301F-11D3-BF4B-00C04F79EFBC}") = "Task9", "Task9\Task9.csproj", "{37D45904-13F8-49CB-B5C5-1DBA1BFD15C6}"
EndProject
Project("{FAE04EC0-301F-11D3-BF4B-00C04F79EFBC}") = "Task10", "Task10\Task10.csproj", "{AEB8350E-2FEA-4E63-B070-0B5F7E8D0706}"
EndProject
Project("{FAE04EC0-301F-11D3-BF4B-00C04F79EFBC}") = "Task11", "Task11\Task11.csproj", "{75C39FE8-C902-4E19-BDFE-B39AAEDD3306}"
EndProject
Project("{FAE04EC0-301F-11D3-BF4B-00C04F79EFBC}") = "Task12", "Task12\Task12.csproj", "{D28519D7-DC7F-4C99-8286-C6A71EC22C11}"
EndProject
Project("{FAE04EC0-301F-11D3-BF4B-00C04F79EFBC}") = "Task13", "Task13\Task13.csproj", "{7131DE55-986D-4FE2-A8DC-3BA17EB1D9D4}"
EndProject
Global
	GlobalSection(SolutionConfigurationPlatforms) = preSolution
		Debug|Any CPU = Debug|Any CPU
		Release|Any CPU = Release|Any CPU
	EndGlobalSection
	GlobalSection(ProjectConfigurationPlatforms) = postSolution
		{D1CB05B9-0663-4645-BFB0-080A167B1A46}.Debug|Any CPU.ActiveCfg = Debug|Any CPU
		{D1CB05B9-0663-4645-BFB0-080A167B1A46}.Debug|Any CPU.Build.0 = Debug|Any CPU
		{D1CB05B9-0663-4645-BFB0-080A167B1A46}.Release|Any CPU.ActiveCfg = Release|Any CPU
		{D1CB05B9-0663-4645-BFB0-080A167B1A46}.Release|Any CPU.Build.0 = Release|Any CPU
		{1BF56D04-6A54-42DD-94BD-141186647456}.Debug|Any CPU.ActiveCfg = Debug|Any CPU
		{1BF56D04-6A54-42DD-94BD-141186647456}.Debug|Any CPU.Build.0 = Debug|Any CPU
		{1BF56D04-6A54-42DD-94BD-141186647456}.Release|Any CPU.ActiveCfg = Release|Any CPU
		{1BF56D04-6A54-42DD-94BD-141186647456}.Release|Any CPU.Build.0 = Release|Any CPU
		{A3E20733-5826-40AA-9ADB-AB62D5C23E7C}.Debug|Any CPU.ActiveCfg = Debug|Any CPU
		{A3E20733-5826-40AA-9ADB-AB62D5C23E7C}.Debug|Any CPU.Build.0 = Debug|Any CPU
		{A3E20733-5826-40AA-9ADB-AB62D5C23E7C}.Release|Any CPU.ActiveCfg = Release|Any CPU
		{A3E20733-5826-40AA-9ADB-AB62D5C23E7C}.Release|Any CPU.Build.0 = Release|Any CPU
		{A626BD93-39B2-48A2-A31C-7BC2675D9B14}.Debug|Any CPU.ActiveCfg = Debug|Any CPU
		{A626BD93-39B2-48A2-A31C-7BC2675D9B14}.Debug|Any CPU.Build.0 = Debug|Any CPU
		{A626BD93-39B2-48A2-A31C-7BC2675D9B14}.Release|Any CPU.ActiveCfg = Release|Any CPU
		{A626BD93-39B2-48A2-A31C-7BC2675D9B14}.Release|Any CPU.Build.0 = Release|Any CPU
		{3B5672AE-E189-4A99-A9AE-25795E7EAF05}.Debug|Any CPU.ActiveCfg = Debug|Any CPU
		{3B5672AE-E189-4A99-A9AE-25795E7EAF05}.Debug|Any CPU.Build.0 = Debug|Any CPU
		{3B5672AE-E189-4A99-A9AE-25795E7EAF05}.Release|Any CPU.ActiveCfg = Release|Any CPU
		{3B5672AE-E189-4A99-A9AE-25795E7EAF05}.Release|Any CPU.Build.0 = Release|Any CPU
		{FD239A83-1486-47B4-A097-D5C2FD5D54FE}.Debug|Any CPU.ActiveCfg = Debug|Any CPU
		{FD239A83-1486-47B4-A097-D5C2FD5D54FE}.Debug|Any CPU.Build.0 = Debug|Any CPU
		{FD239A83-1486-47B4-A097-D5C2FD5D54FE}.Release|Any CPU.ActiveCfg = Release|Any CPU
		{FD239A83-1486-47B4-A097-D5C2FD5D54FE}.Release|Any CPU.Build.0 = Release|Any CPU
		{796B639F-3F6A-45FF-B16C-3985B642B7CE}.Debug|Any CPU.ActiveCfg = Debug|Any CPU
		{796B639F-3F6A-45FF-B16C-3985B642B7CE}.Debug|Any CPU.Build.0 = Debug|Any CPU
		{796B639F-3F6A-45FF-B16C-3985B642B7CE}.Release|Any CPU.ActiveCfg = Release|Any CPU
		{796B639F-3F6A-45FF-B16C-3985B642B7CE}.Release|Any CPU.Build.0 = Release|Any CPU
		{E857744A-09F8-44C6-858B-3C2D5A5F2721}.Debug|Any CPU.ActiveCfg = Debug|Any CPU
		{E857744A-09F8-44C6-858B-3C2D5A5F2721}.Debug|Any CPU.Build.0 = Debug|Any CPU
		{E857744A-09F8-44C6-858B-3C2D5A5F2721}.Release|Any CPU.ActiveCfg = Release|Any CPU
		{E857744A-09F8-44C6-858B-3C2D5A5F2721}.Release|Any CPU.Build.0 = Release|Any CPU
		{37D45904-13F8-49CB-B5C5-1DBA1BFD15C6}.Debug|Any CPU.ActiveCfg = Debug|Any CPU
		{37D45904-13F8-49CB-B5C5-1DBA1BFD15C6}.Debug|Any CPU.Build.0 = Debug|Any CPU
		{37D45904-13F8-49CB-B5C5-1DBA1BFD15C6}.Release|Any CPU.ActiveCfg = Release|Any CPU
		{37D45904-13F8-49CB-B5C5-1DBA1BFD15C6}.Release|Any CPU.Build.0 = Release|Any CPU
		{AEB8350E-2FEA-4E63-B070-0B5F7E8D0706}.Debug|Any CPU.ActiveCfg = Debug|Any CPU
		{AEB8350E-2FEA-4E63-B070-0B5F7E8D0706}.Debug|Any CPU.Build.0 = Debug|Any CPU
		{AEB8350E-2FEA-4E63-B070-0B5F7E8D0706}.Release|Any CPU.ActiveCfg = Release|Any CPU
		{AEB8350E-2FEA-4E63-B070-0B5F7E8D0706}.Release|Any CPU.Build.0 = Release|Any CPU
		{75C39FE8-C902-4E19-BDFE-B39AAEDD3306}.Debug|Any CPU.ActiveCfg = Debug|Any CPU
		{75C39FE8-C902-4E19-BDFE-B39AAEDD3306}.Debug|Any CPU.Build.0 = Debug|Any CPU
		{75C39FE8-C902-4E19-BDFE-B39AAEDD3306}.Release|Any CPU.ActiveCfg = Release|Any CPU
		{75C39FE8-C902-4E19-BDFE-B39AAEDD3306}.Release|Any CPU.Build.0 = Release|Any CPU
		{D28519D7-DC7F-4C99-8286-C6A71EC22C11}.Debug|Any CPU.ActiveCfg = Debug|Any CPU
		{D28519D7-DC7F-4C99-8286-C6A71EC22C11}.Debug|Any CPU.Build.0 = Debug|Any CPU
		{D28519D7-DC7F-4C99-8286-C6A71EC22C11}.Release|Any CPU.ActiveCfg = Release|Any CPU
		{D28519D7-DC7F-4C99-8286-C6A71EC22C11}.Release|Any CPU.Build.0 = Release|Any CPU
		{7131DE55-986D-4FE2-A8DC-3BA17EB1D9D4}.Debug|Any CPU.ActiveCfg = Debug|Any CPU
		{7131DE55-986D-4FE2-A8DC-3BA17EB1D9D4}.Debug|Any CPU.Build.0 = Debug|Any CPU
		{7131DE55-986D-4FE2-A8DC-3BA17EB1D9D4}.Release|Any CPU.ActiveCfg = Release|Any CPU
		{7131DE55-986D-4FE2-A8DC-3BA17EB1D9D4}.Release|Any CPU.Build.0 = Release|Any CPU
	EndGlobalSection
	GlobalSection(SolutionProperties) = preSolution
		HideSolutionNode = FALSE
	EndGlobalSection
	GlobalSection(ExtensibilityGlobals) = postSolution
		SolutionGuid = {A1826FD7-C651-47F6-8C84-5696FDB696BA}
	EndGlobalSection
EndGlobal
