
Microsoft Visual Studio Solution File, Format Version 12.00
# Visual Studio 15
VisualStudioVersion = 15.0.28010.2026
MinimumVisualStudioVersion = 10.0.40219.1
Project("{FAE04EC0-301F-11D3-BF4B-00C04F79EFBC}") = "7.1", "7.1\7.1.csproj", "{23EF0CE9-3FE3-48BC-B969-BC80DB9A531C}"
EndProject
Project("{FAE04EC0-301F-11D3-BF4B-00C04F79EFBC}") = "7.2", "7.2\7.2.csproj", "{353C3718-EB07-4CEB-ADE7-B54AFAB64342}"
EndProject
Project("{FAE04EC0-301F-11D3-BF4B-00C04F79EFBC}") = "7.3", "7.3\7.3.csproj", "{419A7549-2A64-4AF2-BAFF-3EED6BE60916}"
EndProject
Project("{FAE04EC0-301F-11D3-BF4B-00C04F79EFBC}") = "7.4", "7.4\7.4.csproj", "{C6410007-74DA-4841-A03D-888003BB573F}"
EndProject
Project("{FAE04EC0-301F-11D3-BF4B-00C04F79EFBC}") = "7.5", "7.5\7.5.csproj", "{AC30EF2A-8E61-4263-B3F5-7C3BDF2D6ECD}"
EndProject
Project("{FAE04EC0-301F-11D3-BF4B-00C04F79EFBC}") = "7.6", "7.6\7.6.csproj", "{A35237D2-E05A-45B8-B4E3-E56F0FFBE9BD}"
EndProject
Project("{FAE04EC0-301F-11D3-BF4B-00C04F79EFBC}") = "7.7", "7.7\7.7.csproj", "{88D51071-02E1-4141-ADAB-76132637A7FB}"
EndProject
Project("{FAE04EC0-301F-11D3-BF4B-00C04F79EFBC}") = "7.8", "7.8\7.8.csproj", "{7D8EA6ED-5A5E-4EC9-92CD-8FB7FD41CAE6}"
EndProject
Project("{FAE04EC0-301F-11D3-BF4B-00C04F79EFBC}") = "7.9", "7.9\7.9.csproj", "{4A7AFE47-C275-4E36-AC36-476198298CC1}"
EndProject
Project("{FAE04EC0-301F-11D3-BF4B-00C04F79EFBC}") = "7.10", "7.10\7.10.csproj", "{2780F408-C16D-47A1-B32C-01D8C7CA8E58}"
EndProject
Project("{FAE04EC0-301F-11D3-BF4B-00C04F79EFBC}") = "7.11", "7.11\7.11.csproj", "{A5CCC9DE-6CEE-4EA1-B384-AAA51EABCDC4}"
EndProject
Project("{FAE04EC0-301F-11D3-BF4B-00C04F79EFBC}") = "7.13", "7.13\7.13.csproj", "{728CED0A-E9C5-4C38-83ED-D40B6A486954}"
EndProject
Project("{FAE04EC0-301F-11D3-BF4B-00C04F79EFBC}") = "7.14", "7.14\7.14.csproj", "{1A5DC2E9-3609-4005-B6E0-27BC5166DEA7}"
EndProject
Project("{FAE04EC0-301F-11D3-BF4B-00C04F79EFBC}") = "7.15", "7.15\7.15.csproj", "{28510B49-BAB1-464B-A605-34F78EA966D7}"
EndProject
Project("{FAE04EC0-301F-11D3-BF4B-00C04F79EFBC}") = "7.16", "7.16\7.16.csproj", "{6AE010FE-09C7-4EAE-93AE-E35E453D9F94}"
EndProject
Project("{FAE04EC0-301F-11D3-BF4B-00C04F79EFBC}") = "7.17", "7.17\7.17.csproj", "{A64036D9-6FBF-41D4-8DD3-634A127F148E}"
EndProject
Project("{FAE04EC0-301F-11D3-BF4B-00C04F79EFBC}") = "7.18", "7.18\7.18.csproj", "{F8A2E674-1F25-463D-B1AC-EF11FD38EFA5}"
EndProject
Project("{FAE04EC0-301F-11D3-BF4B-00C04F79EFBC}") = "7.22", "7.22\7.22.csproj", "{72FCFBC4-A6AB-4EAD-B1F7-8D0547D4E448}"
EndProject
Global
	GlobalSection(SolutionConfigurationPlatforms) = preSolution
		Debug|Any CPU = Debug|Any CPU
		Release|Any CPU = Release|Any CPU
	EndGlobalSection
	GlobalSection(ProjectConfigurationPlatforms) = postSolution
		{23EF0CE9-3FE3-48BC-B969-BC80DB9A531C}.Debug|Any CPU.ActiveCfg = Debug|Any CPU
		{23EF0CE9-3FE3-48BC-B969-BC80DB9A531C}.Debug|Any CPU.Build.0 = Debug|Any CPU
		{23EF0CE9-3FE3-48BC-B969-BC80DB9A531C}.Release|Any CPU.ActiveCfg = Release|Any CPU
		{23EF0CE9-3FE3-48BC-B969-BC80DB9A531C}.Release|Any CPU.Build.0 = Release|Any CPU
		{353C3718-EB07-4CEB-ADE7-B54AFAB64342}.Debug|Any CPU.ActiveCfg = Debug|Any CPU
		{353C3718-EB07-4CEB-ADE7-B54AFAB64342}.Debug|Any CPU.Build.0 = Debug|Any CPU
		{353C3718-EB07-4CEB-ADE7-B54AFAB64342}.Release|Any CPU.ActiveCfg = Release|Any CPU
		{353C3718-EB07-4CEB-ADE7-B54AFAB64342}.Release|Any CPU.Build.0 = Release|Any CPU
		{419A7549-2A64-4AF2-BAFF-3EED6BE60916}.Debug|Any CPU.ActiveCfg = Debug|Any CPU
		{419A7549-2A64-4AF2-BAFF-3EED6BE60916}.Debug|Any CPU.Build.0 = Debug|Any CPU
		{419A7549-2A64-4AF2-BAFF-3EED6BE60916}.Release|Any CPU.ActiveCfg = Release|Any CPU
		{419A7549-2A64-4AF2-BAFF-3EED6BE60916}.Release|Any CPU.Build.0 = Release|Any CPU
		{C6410007-74DA-4841-A03D-888003BB573F}.Debug|Any CPU.ActiveCfg = Debug|Any CPU
		{C6410007-74DA-4841-A03D-888003BB573F}.Debug|Any CPU.Build.0 = Debug|Any CPU
		{C6410007-74DA-4841-A03D-888003BB573F}.Release|Any CPU.ActiveCfg = Release|Any CPU
		{C6410007-74DA-4841-A03D-888003BB573F}.Release|Any CPU.Build.0 = Release|Any CPU
		{AC30EF2A-8E61-4263-B3F5-7C3BDF2D6ECD}.Debug|Any CPU.ActiveCfg = Debug|Any CPU
		{AC30EF2A-8E61-4263-B3F5-7C3BDF2D6ECD}.Debug|Any CPU.Build.0 = Debug|Any CPU
		{AC30EF2A-8E61-4263-B3F5-7C3BDF2D6ECD}.Release|Any CPU.ActiveCfg = Release|Any CPU
		{AC30EF2A-8E61-4263-B3F5-7C3BDF2D6ECD}.Release|Any CPU.Build.0 = Release|Any CPU
		{A35237D2-E05A-45B8-B4E3-E56F0FFBE9BD}.Debug|Any CPU.ActiveCfg = Debug|Any CPU
		{A35237D2-E05A-45B8-B4E3-E56F0FFBE9BD}.Debug|Any CPU.Build.0 = Debug|Any CPU
		{A35237D2-E05A-45B8-B4E3-E56F0FFBE9BD}.Release|Any CPU.ActiveCfg = Release|Any CPU
		{A35237D2-E05A-45B8-B4E3-E56F0FFBE9BD}.Release|Any CPU.Build.0 = Release|Any CPU
		{88D51071-02E1-4141-ADAB-76132637A7FB}.Debug|Any CPU.ActiveCfg = Debug|Any CPU
		{88D51071-02E1-4141-ADAB-76132637A7FB}.Debug|Any CPU.Build.0 = Debug|Any CPU
		{88D51071-02E1-4141-ADAB-76132637A7FB}.Release|Any CPU.ActiveCfg = Release|Any CPU
		{88D51071-02E1-4141-ADAB-76132637A7FB}.Release|Any CPU.Build.0 = Release|Any CPU
		{7D8EA6ED-5A5E-4EC9-92CD-8FB7FD41CAE6}.Debug|Any CPU.ActiveCfg = Debug|Any CPU
		{7D8EA6ED-5A5E-4EC9-92CD-8FB7FD41CAE6}.Debug|Any CPU.Build.0 = Debug|Any CPU
		{7D8EA6ED-5A5E-4EC9-92CD-8FB7FD41CAE6}.Release|Any CPU.ActiveCfg = Release|Any CPU
		{7D8EA6ED-5A5E-4EC9-92CD-8FB7FD41CAE6}.Release|Any CPU.Build.0 = Release|Any CPU
		{4A7AFE47-C275-4E36-AC36-476198298CC1}.Debug|Any CPU.ActiveCfg = Debug|Any CPU
		{4A7AFE47-C275-4E36-AC36-476198298CC1}.Debug|Any CPU.Build.0 = Debug|Any CPU
		{4A7AFE47-C275-4E36-AC36-476198298CC1}.Release|Any CPU.ActiveCfg = Release|Any CPU
		{4A7AFE47-C275-4E36-AC36-476198298CC1}.Release|Any CPU.Build.0 = Release|Any CPU
		{2780F408-C16D-47A1-B32C-01D8C7CA8E58}.Debug|Any CPU.ActiveCfg = Debug|Any CPU
		{2780F408-C16D-47A1-B32C-01D8C7CA8E58}.Debug|Any CPU.Build.0 = Debug|Any CPU
		{2780F408-C16D-47A1-B32C-01D8C7CA8E58}.Release|Any CPU.ActiveCfg = Release|Any CPU
		{2780F408-C16D-47A1-B32C-01D8C7CA8E58}.Release|Any CPU.Build.0 = Release|Any CPU
		{A5CCC9DE-6CEE-4EA1-B384-AAA51EABCDC4}.Debug|Any CPU.ActiveCfg = Debug|Any CPU
		{A5CCC9DE-6CEE-4EA1-B384-AAA51EABCDC4}.Debug|Any CPU.Build.0 = Debug|Any CPU
		{A5CCC9DE-6CEE-4EA1-B384-AAA51EABCDC4}.Release|Any CPU.ActiveCfg = Release|Any CPU
		{A5CCC9DE-6CEE-4EA1-B384-AAA51EABCDC4}.Release|Any CPU.Build.0 = Release|Any CPU
		{728CED0A-E9C5-4C38-83ED-D40B6A486954}.Debug|Any CPU.ActiveCfg = Debug|Any CPU
		{728CED0A-E9C5-4C38-83ED-D40B6A486954}.Debug|Any CPU.Build.0 = Debug|Any CPU
		{728CED0A-E9C5-4C38-83ED-D40B6A486954}.Release|Any CPU.ActiveCfg = Release|Any CPU
		{728CED0A-E9C5-4C38-83ED-D40B6A486954}.Release|Any CPU.Build.0 = Release|Any CPU
		{1A5DC2E9-3609-4005-B6E0-27BC5166DEA7}.Debug|Any CPU.ActiveCfg = Debug|Any CPU
		{1A5DC2E9-3609-4005-B6E0-27BC5166DEA7}.Debug|Any CPU.Build.0 = Debug|Any CPU
		{1A5DC2E9-3609-4005-B6E0-27BC5166DEA7}.Release|Any CPU.ActiveCfg = Release|Any CPU
		{1A5DC2E9-3609-4005-B6E0-27BC5166DEA7}.Release|Any CPU.Build.0 = Release|Any CPU
		{28510B49-BAB1-464B-A605-34F78EA966D7}.Debug|Any CPU.ActiveCfg = Debug|Any CPU
		{28510B49-BAB1-464B-A605-34F78EA966D7}.Debug|Any CPU.Build.0 = Debug|Any CPU
		{28510B49-BAB1-464B-A605-34F78EA966D7}.Release|Any CPU.ActiveCfg = Release|Any CPU
		{28510B49-BAB1-464B-A605-34F78EA966D7}.Release|Any CPU.Build.0 = Release|Any CPU
		{6AE010FE-09C7-4EAE-93AE-E35E453D9F94}.Debug|Any CPU.ActiveCfg = Debug|Any CPU
		{6AE010FE-09C7-4EAE-93AE-E35E453D9F94}.Debug|Any CPU.Build.0 = Debug|Any CPU
		{6AE010FE-09C7-4EAE-93AE-E35E453D9F94}.Release|Any CPU.ActiveCfg = Release|Any CPU
		{6AE010FE-09C7-4EAE-93AE-E35E453D9F94}.Release|Any CPU.Build.0 = Release|Any CPU
		{A64036D9-6FBF-41D4-8DD3-634A127F148E}.Debug|Any CPU.ActiveCfg = Debug|Any CPU
		{A64036D9-6FBF-41D4-8DD3-634A127F148E}.Debug|Any CPU.Build.0 = Debug|Any CPU
		{A64036D9-6FBF-41D4-8DD3-634A127F148E}.Release|Any CPU.ActiveCfg = Release|Any CPU
		{A64036D9-6FBF-41D4-8DD3-634A127F148E}.Release|Any CPU.Build.0 = Release|Any CPU
		{F8A2E674-1F25-463D-B1AC-EF11FD38EFA5}.Debug|Any CPU.ActiveCfg = Debug|Any CPU
		{F8A2E674-1F25-463D-B1AC-EF11FD38EFA5}.Debug|Any CPU.Build.0 = Debug|Any CPU
		{F8A2E674-1F25-463D-B1AC-EF11FD38EFA5}.Release|Any CPU.ActiveCfg = Release|Any CPU
		{F8A2E674-1F25-463D-B1AC-EF11FD38EFA5}.Release|Any CPU.Build.0 = Release|Any CPU
		{72FCFBC4-A6AB-4EAD-B1F7-8D0547D4E448}.Debug|Any CPU.ActiveCfg = Debug|Any CPU
		{72FCFBC4-A6AB-4EAD-B1F7-8D0547D4E448}.Debug|Any CPU.Build.0 = Debug|Any CPU
		{72FCFBC4-A6AB-4EAD-B1F7-8D0547D4E448}.Release|Any CPU.ActiveCfg = Release|Any CPU
		{72FCFBC4-A6AB-4EAD-B1F7-8D0547D4E448}.Release|Any CPU.Build.0 = Release|Any CPU
	EndGlobalSection
	GlobalSection(SolutionProperties) = preSolution
		HideSolutionNode = FALSE
	EndGlobalSection
	GlobalSection(ExtensibilityGlobals) = postSolution
		SolutionGuid = {1B1F35B8-B38B-4C14-9B96-C99B83ED91CE}
	EndGlobalSection
EndGlobal
