
Microsoft Visual Studio Solution File, Format Version 12.00
# Visual Studio 15
VisualStudioVersion = 15.0.28010.2026
MinimumVisualStudioVersion = 10.0.40219.1
Project("{FAE04EC0-301F-11D3-BF4B-00C04F79EFBC}") = "10_1", "10_1\10_1.csproj", "{5AB0C384-4C6A-4391-A3FE-72FEAD5ED60C}"
EndProject
Project("{FAE04EC0-301F-11D3-BF4B-00C04F79EFBC}") = "10.2", "10.2\10.2.csproj", "{B5E6C0BA-069A-4F1C-9FCD-E86DB8849ED0}"
EndProject
Project("{FAE04EC0-301F-11D3-BF4B-00C04F79EFBC}") = "10.3", "10.3\10.3.csproj", "{CD0CC293-5E04-40F4-B311-B3C3D213EC0A}"
EndProject
Project("{FAE04EC0-301F-11D3-BF4B-00C04F79EFBC}") = "10.4", "10.4\10.4.csproj", "{8EA725C9-EF62-4B4E-9706-E37159664CE8}"
EndProject
Project("{FAE04EC0-301F-11D3-BF4B-00C04F79EFBC}") = "10.5", "10.5\10.5.csproj", "{B5CDB59C-D691-44F8-881D-4049C6BC8F20}"
EndProject
Project("{FAE04EC0-301F-11D3-BF4B-00C04F79EFBC}") = "10.6", "10.6\10.6.csproj", "{C303D3BE-7A99-468B-B988-5DD8B5E1398D}"
EndProject
Project("{FAE04EC0-301F-11D3-BF4B-00C04F79EFBC}") = "10.7", "10.7\10.7.csproj", "{773C3469-2EB5-445E-9CAD-9477A1F2FCCC}"
EndProject
Project("{FAE04EC0-301F-11D3-BF4B-00C04F79EFBC}") = "10.8", "10.8\10.8.csproj", "{C921115C-48F0-4D5F-A0D7-676F648C509B}"
EndProject
Project("{FAE04EC0-301F-11D3-BF4B-00C04F79EFBC}") = "10.10", "10.10\10.10.csproj", "{AF30727C-60CB-4ED7-B874-81CA4671651E}"
EndProject
Project("{FAE04EC0-301F-11D3-BF4B-00C04F79EFBC}") = "10.9", "10.9\10.9.csproj", "{9B4E64DB-BC15-4080-9560-904B3EF0F643}"
EndProject
Global
	GlobalSection(SolutionConfigurationPlatforms) = preSolution
		Debug|Any CPU = Debug|Any CPU
		Release|Any CPU = Release|Any CPU
	EndGlobalSection
	GlobalSection(ProjectConfigurationPlatforms) = postSolution
		{5AB0C384-4C6A-4391-A3FE-72FEAD5ED60C}.Debug|Any CPU.ActiveCfg = Debug|Any CPU
		{5AB0C384-4C6A-4391-A3FE-72FEAD5ED60C}.Debug|Any CPU.Build.0 = Debug|Any CPU
		{5AB0C384-4C6A-4391-A3FE-72FEAD5ED60C}.Release|Any CPU.ActiveCfg = Release|Any CPU
		{5AB0C384-4C6A-4391-A3FE-72FEAD5ED60C}.Release|Any CPU.Build.0 = Release|Any CPU
		{B5E6C0BA-069A-4F1C-9FCD-E86DB8849ED0}.Debug|Any CPU.ActiveCfg = Debug|Any CPU
		{B5E6C0BA-069A-4F1C-9FCD-E86DB8849ED0}.Debug|Any CPU.Build.0 = Debug|Any CPU
		{B5E6C0BA-069A-4F1C-9FCD-E86DB8849ED0}.Release|Any CPU.ActiveCfg = Release|Any CPU
		{B5E6C0BA-069A-4F1C-9FCD-E86DB8849ED0}.Release|Any CPU.Build.0 = Release|Any CPU
		{CD0CC293-5E04-40F4-B311-B3C3D213EC0A}.Debug|Any CPU.ActiveCfg = Debug|Any CPU
		{CD0CC293-5E04-40F4-B311-B3C3D213EC0A}.Debug|Any CPU.Build.0 = Debug|Any CPU
		{CD0CC293-5E04-40F4-B311-B3C3D213EC0A}.Release|Any CPU.ActiveCfg = Release|Any CPU
		{CD0CC293-5E04-40F4-B311-B3C3D213EC0A}.Release|Any CPU.Build.0 = Release|Any CPU
		{8EA725C9-EF62-4B4E-9706-E37159664CE8}.Debug|Any CPU.ActiveCfg = Debug|Any CPU
		{8EA725C9-EF62-4B4E-9706-E37159664CE8}.Debug|Any CPU.Build.0 = Debug|Any CPU
		{8EA725C9-EF62-4B4E-9706-E37159664CE8}.Release|Any CPU.ActiveCfg = Release|Any CPU
		{8EA725C9-EF62-4B4E-9706-E37159664CE8}.Release|Any CPU.Build.0 = Release|Any CPU
		{B5CDB59C-D691-44F8-881D-4049C6BC8F20}.Debug|Any CPU.ActiveCfg = Debug|Any CPU
		{B5CDB59C-D691-44F8-881D-4049C6BC8F20}.Debug|Any CPU.Build.0 = Debug|Any CPU
		{B5CDB59C-D691-44F8-881D-4049C6BC8F20}.Release|Any CPU.ActiveCfg = Release|Any CPU
		{B5CDB59C-D691-44F8-881D-4049C6BC8F20}.Release|Any CPU.Build.0 = Release|Any CPU
		{C303D3BE-7A99-468B-B988-5DD8B5E1398D}.Debug|Any CPU.ActiveCfg = Debug|Any CPU
		{C303D3BE-7A99-468B-B988-5DD8B5E1398D}.Debug|Any CPU.Build.0 = Debug|Any CPU
		{C303D3BE-7A99-468B-B988-5DD8B5E1398D}.Release|Any CPU.ActiveCfg = Release|Any CPU
		{C303D3BE-7A99-468B-B988-5DD8B5E1398D}.Release|Any CPU.Build.0 = Release|Any CPU
		{773C3469-2EB5-445E-9CAD-9477A1F2FCCC}.Debug|Any CPU.ActiveCfg = Debug|Any CPU
		{773C3469-2EB5-445E-9CAD-9477A1F2FCCC}.Debug|Any CPU.Build.0 = Debug|Any CPU
		{773C3469-2EB5-445E-9CAD-9477A1F2FCCC}.Release|Any CPU.ActiveCfg = Release|Any CPU
		{773C3469-2EB5-445E-9CAD-9477A1F2FCCC}.Release|Any CPU.Build.0 = Release|Any CPU
		{C921115C-48F0-4D5F-A0D7-676F648C509B}.Debug|Any CPU.ActiveCfg = Debug|Any CPU
		{C921115C-48F0-4D5F-A0D7-676F648C509B}.Debug|Any CPU.Build.0 = Debug|Any CPU
		{C921115C-48F0-4D5F-A0D7-676F648C509B}.Release|Any CPU.ActiveCfg = Release|Any CPU
		{C921115C-48F0-4D5F-A0D7-676F648C509B}.Release|Any CPU.Build.0 = Release|Any CPU
		{AF30727C-60CB-4ED7-B874-81CA4671651E}.Debug|Any CPU.ActiveCfg = Debug|Any CPU
		{AF30727C-60CB-4ED7-B874-81CA4671651E}.Debug|Any CPU.Build.0 = Debug|Any CPU
		{AF30727C-60CB-4ED7-B874-81CA4671651E}.Release|Any CPU.ActiveCfg = Release|Any CPU
		{AF30727C-60CB-4ED7-B874-81CA4671651E}.Release|Any CPU.Build.0 = Release|Any CPU
		{9B4E64DB-BC15-4080-9560-904B3EF0F643}.Debug|Any CPU.ActiveCfg = Debug|Any CPU
		{9B4E64DB-BC15-4080-9560-904B3EF0F643}.Debug|Any CPU.Build.0 = Debug|Any CPU
		{9B4E64DB-BC15-4080-9560-904B3EF0F643}.Release|Any CPU.ActiveCfg = Release|Any CPU
		{9B4E64DB-BC15-4080-9560-904B3EF0F643}.Release|Any CPU.Build.0 = Release|Any CPU
	EndGlobalSection
	GlobalSection(SolutionProperties) = preSolution
		HideSolutionNode = FALSE
	EndGlobalSection
	GlobalSection(ExtensibilityGlobals) = postSolution
		SolutionGuid = {A2773743-D60E-4CF0-9CC0-3D9C9FADE3F8}
	EndGlobalSection
EndGlobal
