
Microsoft Visual Studio Solution File, Format Version 12.00
# Visual Studio 15
VisualStudioVersion = 15.0.28010.2026
MinimumVisualStudioVersion = 10.0.40219.1
Project("{FAE04EC0-301F-11D3-BF4B-00C04F79EFBC}") = "8_1", "8_1\8_1.csproj", "{6277123D-5D29-4942-B151-7C80E4D6149D}"
EndProject
Project("{FAE04EC0-301F-11D3-BF4B-00C04F79EFBC}") = "8_2", "8_2\8_2.csproj", "{1426819B-AD29-4F82-94C1-50A1B74B71E4}"
EndProject
Project("{FAE04EC0-301F-11D3-BF4B-00C04F79EFBC}") = "8_3", "8_3\8_3.csproj", "{D1E772D4-C2BE-4C53-9211-DDE3E762D382}"
EndProject
Project("{FAE04EC0-301F-11D3-BF4B-00C04F79EFBC}") = "8_4", "8_4\8_4.csproj", "{79CE0803-4D52-41EF-96E5-E052CE8AC622}"
EndProject
Project("{FAE04EC0-301F-11D3-BF4B-00C04F79EFBC}") = "8_5", "8_5\8_5.csproj", "{B8ED58BA-509D-4E2A-8FB0-FF42305E1C55}"
EndProject
Project("{FAE04EC0-301F-11D3-BF4B-00C04F79EFBC}") = "8_6", "8_6\8_6.csproj", "{DEDCD230-4076-4E6E-8B63-C81A7DEF41B8}"
EndProject
Project("{FAE04EC0-301F-11D3-BF4B-00C04F79EFBC}") = "8_9", "8_9\8_9.csproj", "{43B8DA6D-41DE-4E2C-B466-B184A7C72737}"
EndProject
Project("{FAE04EC0-301F-11D3-BF4B-00C04F79EFBC}") = "8_7", "8_7\8_7.csproj", "{89A02216-6378-465E-B261-75EAAA67251A}"
EndProject
Project("{FAE04EC0-301F-11D3-BF4B-00C04F79EFBC}") = "8_8", "8_8\8_8.csproj", "{E2878614-2F4F-40DF-B95C-C9978FEB7435}"
EndProject
Project("{FAE04EC0-301F-11D3-BF4B-00C04F79EFBC}") = "8_10", "8_10\8_10.csproj", "{D22DC06B-8A8C-42CB-BC3B-E5234A3D55AB}"
EndProject
Project("{FAE04EC0-301F-11D3-BF4B-00C04F79EFBC}") = "8_11", "8_11\8_11.csproj", "{59A3AB81-B821-4A90-9F8A-FCF37C962F48}"
EndProject
Project("{FAE04EC0-301F-11D3-BF4B-00C04F79EFBC}") = "8_12", "8_12\8_12.csproj", "{56DE99B3-897F-471A-8E46-7AC8139C037F}"
EndProject
Project("{FAE04EC0-301F-11D3-BF4B-00C04F79EFBC}") = "8_13", "8_13\8_13.csproj", "{3B5C313C-0996-4CCA-A38B-56A2DE295EDA}"
EndProject
Global
	GlobalSection(SolutionConfigurationPlatforms) = preSolution
		Debug|Any CPU = Debug|Any CPU
		Release|Any CPU = Release|Any CPU
	EndGlobalSection
	GlobalSection(ProjectConfigurationPlatforms) = postSolution
		{6277123D-5D29-4942-B151-7C80E4D6149D}.Debug|Any CPU.ActiveCfg = Debug|Any CPU
		{6277123D-5D29-4942-B151-7C80E4D6149D}.Debug|Any CPU.Build.0 = Debug|Any CPU
		{6277123D-5D29-4942-B151-7C80E4D6149D}.Release|Any CPU.ActiveCfg = Release|Any CPU
		{6277123D-5D29-4942-B151-7C80E4D6149D}.Release|Any CPU.Build.0 = Release|Any CPU
		{1426819B-AD29-4F82-94C1-50A1B74B71E4}.Debug|Any CPU.ActiveCfg = Debug|Any CPU
		{1426819B-AD29-4F82-94C1-50A1B74B71E4}.Debug|Any CPU.Build.0 = Debug|Any CPU
		{1426819B-AD29-4F82-94C1-50A1B74B71E4}.Release|Any CPU.ActiveCfg = Release|Any CPU
		{1426819B-AD29-4F82-94C1-50A1B74B71E4}.Release|Any CPU.Build.0 = Release|Any CPU
		{D1E772D4-C2BE-4C53-9211-DDE3E762D382}.Debug|Any CPU.ActiveCfg = Debug|Any CPU
		{D1E772D4-C2BE-4C53-9211-DDE3E762D382}.Debug|Any CPU.Build.0 = Debug|Any CPU
		{D1E772D4-C2BE-4C53-9211-DDE3E762D382}.Release|Any CPU.ActiveCfg = Release|Any CPU
		{D1E772D4-C2BE-4C53-9211-DDE3E762D382}.Release|Any CPU.Build.0 = Release|Any CPU
		{79CE0803-4D52-41EF-96E5-E052CE8AC622}.Debug|Any CPU.ActiveCfg = Debug|Any CPU
		{79CE0803-4D52-41EF-96E5-E052CE8AC622}.Debug|Any CPU.Build.0 = Debug|Any CPU
		{79CE0803-4D52-41EF-96E5-E052CE8AC622}.Release|Any CPU.ActiveCfg = Release|Any CPU
		{79CE0803-4D52-41EF-96E5-E052CE8AC622}.Release|Any CPU.Build.0 = Release|Any CPU
		{B8ED58BA-509D-4E2A-8FB0-FF42305E1C55}.Debug|Any CPU.ActiveCfg = Debug|Any CPU
		{B8ED58BA-509D-4E2A-8FB0-FF42305E1C55}.Debug|Any CPU.Build.0 = Debug|Any CPU
		{B8ED58BA-509D-4E2A-8FB0-FF42305E1C55}.Release|Any CPU.ActiveCfg = Release|Any CPU
		{B8ED58BA-509D-4E2A-8FB0-FF42305E1C55}.Release|Any CPU.Build.0 = Release|Any CPU
		{DEDCD230-4076-4E6E-8B63-C81A7DEF41B8}.Debug|Any CPU.ActiveCfg = Debug|Any CPU
		{DEDCD230-4076-4E6E-8B63-C81A7DEF41B8}.Debug|Any CPU.Build.0 = Debug|Any CPU
		{DEDCD230-4076-4E6E-8B63-C81A7DEF41B8}.Release|Any CPU.ActiveCfg = Release|Any CPU
		{DEDCD230-4076-4E6E-8B63-C81A7DEF41B8}.Release|Any CPU.Build.0 = Release|Any CPU
		{43B8DA6D-41DE-4E2C-B466-B184A7C72737}.Debug|Any CPU.ActiveCfg = Debug|Any CPU
		{43B8DA6D-41DE-4E2C-B466-B184A7C72737}.Debug|Any CPU.Build.0 = Debug|Any CPU
		{43B8DA6D-41DE-4E2C-B466-B184A7C72737}.Release|Any CPU.ActiveCfg = Release|Any CPU
		{43B8DA6D-41DE-4E2C-B466-B184A7C72737}.Release|Any CPU.Build.0 = Release|Any CPU
		{89A02216-6378-465E-B261-75EAAA67251A}.Debug|Any CPU.ActiveCfg = Debug|Any CPU
		{89A02216-6378-465E-B261-75EAAA67251A}.Debug|Any CPU.Build.0 = Debug|Any CPU
		{89A02216-6378-465E-B261-75EAAA67251A}.Release|Any CPU.ActiveCfg = Release|Any CPU
		{89A02216-6378-465E-B261-75EAAA67251A}.Release|Any CPU.Build.0 = Release|Any CPU
		{E2878614-2F4F-40DF-B95C-C9978FEB7435}.Debug|Any CPU.ActiveCfg = Debug|Any CPU
		{E2878614-2F4F-40DF-B95C-C9978FEB7435}.Debug|Any CPU.Build.0 = Debug|Any CPU
		{E2878614-2F4F-40DF-B95C-C9978FEB7435}.Release|Any CPU.ActiveCfg = Release|Any CPU
		{E2878614-2F4F-40DF-B95C-C9978FEB7435}.Release|Any CPU.Build.0 = Release|Any CPU
		{D22DC06B-8A8C-42CB-BC3B-E5234A3D55AB}.Debug|Any CPU.ActiveCfg = Debug|Any CPU
		{D22DC06B-8A8C-42CB-BC3B-E5234A3D55AB}.Debug|Any CPU.Build.0 = Debug|Any CPU
		{D22DC06B-8A8C-42CB-BC3B-E5234A3D55AB}.Release|Any CPU.ActiveCfg = Release|Any CPU
		{D22DC06B-8A8C-42CB-BC3B-E5234A3D55AB}.Release|Any CPU.Build.0 = Release|Any CPU
		{59A3AB81-B821-4A90-9F8A-FCF37C962F48}.Debug|Any CPU.ActiveCfg = Debug|Any CPU
		{59A3AB81-B821-4A90-9F8A-FCF37C962F48}.Debug|Any CPU.Build.0 = Debug|Any CPU
		{59A3AB81-B821-4A90-9F8A-FCF37C962F48}.Release|Any CPU.ActiveCfg = Release|Any CPU
		{59A3AB81-B821-4A90-9F8A-FCF37C962F48}.Release|Any CPU.Build.0 = Release|Any CPU
		{56DE99B3-897F-471A-8E46-7AC8139C037F}.Debug|Any CPU.ActiveCfg = Debug|Any CPU
		{56DE99B3-897F-471A-8E46-7AC8139C037F}.Debug|Any CPU.Build.0 = Debug|Any CPU
		{56DE99B3-897F-471A-8E46-7AC8139C037F}.Release|Any CPU.ActiveCfg = Release|Any CPU
		{56DE99B3-897F-471A-8E46-7AC8139C037F}.Release|Any CPU.Build.0 = Release|Any CPU
		{3B5C313C-0996-4CCA-A38B-56A2DE295EDA}.Debug|Any CPU.ActiveCfg = Debug|Any CPU
		{3B5C313C-0996-4CCA-A38B-56A2DE295EDA}.Debug|Any CPU.Build.0 = Debug|Any CPU
		{3B5C313C-0996-4CCA-A38B-56A2DE295EDA}.Release|Any CPU.ActiveCfg = Release|Any CPU
		{3B5C313C-0996-4CCA-A38B-56A2DE295EDA}.Release|Any CPU.Build.0 = Release|Any CPU
	EndGlobalSection
	GlobalSection(SolutionProperties) = preSolution
		HideSolutionNode = FALSE
	EndGlobalSection
	GlobalSection(ExtensibilityGlobals) = postSolution
		SolutionGuid = {DDA9BC63-17E6-4F83-B3AF-E512F2C39444}
	EndGlobalSection
EndGlobal
