
Microsoft Visual Studio Solution File, Format Version 12.00
# Visual Studio 15
VisualStudioVersion = 15.0.28010.2026
MinimumVisualStudioVersion = 10.0.40219.1
Project("{FAE04EC0-301F-11D3-BF4B-00C04F79EFBC}") = "9.1", "9.1\9.1.csproj", "{96DD8D64-A8F5-4CE5-82DF-D138E984F742}"
EndProject
Project("{FAE04EC0-301F-11D3-BF4B-00C04F79EFBC}") = "9.2", "9.2\9.2.csproj", "{47560F7C-8438-4935-8F97-0715393CF975}"
EndProject
Project("{FAE04EC0-301F-11D3-BF4B-00C04F79EFBC}") = "9.3", "9.3\9.3.csproj", "{1577E194-1815-4E1E-A50E-8F0F2327A09C}"
EndProject
Project("{FAE04EC0-301F-11D3-BF4B-00C04F79EFBC}") = "9.4", "9.4\9.4.csproj", "{52B31A02-267F-447F-BDD9-802559FA0B85}"
EndProject
Project("{FAE04EC0-301F-11D3-BF4B-00C04F79EFBC}") = "9.5", "9.5\9.5.csproj", "{190FDA7E-5D70-4037-939E-89C46D84DB3A}"
EndProject
Project("{FAE04EC0-301F-11D3-BF4B-00C04F79EFBC}") = "9.6", "9.6\9.6.csproj", "{1C8DEF9D-5E54-4640-826A-1C752948FBF2}"
EndProject
Project("{FAE04EC0-301F-11D3-BF4B-00C04F79EFBC}") = "9.7", "9.7\9.7.csproj", "{703242B0-DA99-43D4-9DAB-2662A624D1EA}"
EndProject
Project("{FAE04EC0-301F-11D3-BF4B-00C04F79EFBC}") = "9.8", "9.8\9.8.csproj", "{914842C9-310B-46D1-B6A3-4F36FB67789D}"
EndProject
Project("{FAE04EC0-301F-11D3-BF4B-00C04F79EFBC}") = "9.9", "9.9\9.9.csproj", "{A3EECC28-91C4-476B-A0F0-7B2DEC2A4070}"
EndProject
Project("{FAE04EC0-301F-11D3-BF4B-00C04F79EFBC}") = "9.10", "9.10\9.10.csproj", "{2B29E8A9-777E-42C0-B239-6DD992CD74B7}"
EndProject
Project("{FAE04EC0-301F-11D3-BF4B-00C04F79EFBC}") = "9.11", "9.11\9.11.csproj", "{5FD0763D-AEC2-4A33-BF7F-D160A73D52EE}"
EndProject
Global
	GlobalSection(SolutionConfigurationPlatforms) = preSolution
		Debug|Any CPU = Debug|Any CPU
		Release|Any CPU = Release|Any CPU
	EndGlobalSection
	GlobalSection(ProjectConfigurationPlatforms) = postSolution
		{96DD8D64-A8F5-4CE5-82DF-D138E984F742}.Debug|Any CPU.ActiveCfg = Debug|Any CPU
		{96DD8D64-A8F5-4CE5-82DF-D138E984F742}.Debug|Any CPU.Build.0 = Debug|Any CPU
		{96DD8D64-A8F5-4CE5-82DF-D138E984F742}.Release|Any CPU.ActiveCfg = Release|Any CPU
		{96DD8D64-A8F5-4CE5-82DF-D138E984F742}.Release|Any CPU.Build.0 = Release|Any CPU
		{47560F7C-8438-4935-8F97-0715393CF975}.Debug|Any CPU.ActiveCfg = Debug|Any CPU
		{47560F7C-8438-4935-8F97-0715393CF975}.Debug|Any CPU.Build.0 = Debug|Any CPU
		{47560F7C-8438-4935-8F97-0715393CF975}.Release|Any CPU.ActiveCfg = Release|Any CPU
		{47560F7C-8438-4935-8F97-0715393CF975}.Release|Any CPU.Build.0 = Release|Any CPU
		{1577E194-1815-4E1E-A50E-8F0F2327A09C}.Debug|Any CPU.ActiveCfg = Debug|Any CPU
		{1577E194-1815-4E1E-A50E-8F0F2327A09C}.Debug|Any CPU.Build.0 = Debug|Any CPU
		{1577E194-1815-4E1E-A50E-8F0F2327A09C}.Release|Any CPU.ActiveCfg = Release|Any CPU
		{1577E194-1815-4E1E-A50E-8F0F2327A09C}.Release|Any CPU.Build.0 = Release|Any CPU
		{52B31A02-267F-447F-BDD9-802559FA0B85}.Debug|Any CPU.ActiveCfg = Debug|Any CPU
		{52B31A02-267F-447F-BDD9-802559FA0B85}.Debug|Any CPU.Build.0 = Debug|Any CPU
		{52B31A02-267F-447F-BDD9-802559FA0B85}.Release|Any CPU.ActiveCfg = Release|Any CPU
		{52B31A02-267F-447F-BDD9-802559FA0B85}.Release|Any CPU.Build.0 = Release|Any CPU
		{190FDA7E-5D70-4037-939E-89C46D84DB3A}.Debug|Any CPU.ActiveCfg = Debug|Any CPU
		{190FDA7E-5D70-4037-939E-89C46D84DB3A}.Debug|Any CPU.Build.0 = Debug|Any CPU
		{190FDA7E-5D70-4037-939E-89C46D84DB3A}.Release|Any CPU.ActiveCfg = Release|Any CPU
		{190FDA7E-5D70-4037-939E-89C46D84DB3A}.Release|Any CPU.Build.0 = Release|Any CPU
		{1C8DEF9D-5E54-4640-826A-1C752948FBF2}.Debug|Any CPU.ActiveCfg = Debug|Any CPU
		{1C8DEF9D-5E54-4640-826A-1C752948FBF2}.Debug|Any CPU.Build.0 = Debug|Any CPU
		{1C8DEF9D-5E54-4640-826A-1C752948FBF2}.Release|Any CPU.ActiveCfg = Release|Any CPU
		{1C8DEF9D-5E54-4640-826A-1C752948FBF2}.Release|Any CPU.Build.0 = Release|Any CPU
		{703242B0-DA99-43D4-9DAB-2662A624D1EA}.Debug|Any CPU.ActiveCfg = Debug|Any CPU
		{703242B0-DA99-43D4-9DAB-2662A624D1EA}.Debug|Any CPU.Build.0 = Debug|Any CPU
		{703242B0-DA99-43D4-9DAB-2662A624D1EA}.Release|Any CPU.ActiveCfg = Release|Any CPU
		{703242B0-DA99-43D4-9DAB-2662A624D1EA}.Release|Any CPU.Build.0 = Release|Any CPU
		{914842C9-310B-46D1-B6A3-4F36FB67789D}.Debug|Any CPU.ActiveCfg = Debug|Any CPU
		{914842C9-310B-46D1-B6A3-4F36FB67789D}.Debug|Any CPU.Build.0 = Debug|Any CPU
		{914842C9-310B-46D1-B6A3-4F36FB67789D}.Release|Any CPU.ActiveCfg = Release|Any CPU
		{914842C9-310B-46D1-B6A3-4F36FB67789D}.Release|Any CPU.Build.0 = Release|Any CPU
		{A3EECC28-91C4-476B-A0F0-7B2DEC2A4070}.Debug|Any CPU.ActiveCfg = Debug|Any CPU
		{A3EECC28-91C4-476B-A0F0-7B2DEC2A4070}.Debug|Any CPU.Build.0 = Debug|Any CPU
		{A3EECC28-91C4-476B-A0F0-7B2DEC2A4070}.Release|Any CPU.ActiveCfg = Release|Any CPU
		{A3EECC28-91C4-476B-A0F0-7B2DEC2A4070}.Release|Any CPU.Build.0 = Release|Any CPU
		{2B29E8A9-777E-42C0-B239-6DD992CD74B7}.Debug|Any CPU.ActiveCfg = Debug|Any CPU
		{2B29E8A9-777E-42C0-B239-6DD992CD74B7}.Debug|Any CPU.Build.0 = Debug|Any CPU
		{2B29E8A9-777E-42C0-B239-6DD992CD74B7}.Release|Any CPU.ActiveCfg = Release|Any CPU
		{2B29E8A9-777E-42C0-B239-6DD992CD74B7}.Release|Any CPU.Build.0 = Release|Any CPU
		{5FD0763D-AEC2-4A33-BF7F-D160A73D52EE}.Debug|Any CPU.ActiveCfg = Debug|Any CPU
		{5FD0763D-AEC2-4A33-BF7F-D160A73D52EE}.Debug|Any CPU.Build.0 = Debug|Any CPU
		{5FD0763D-AEC2-4A33-BF7F-D160A73D52EE}.Release|Any CPU.ActiveCfg = Release|Any CPU
		{5FD0763D-AEC2-4A33-BF7F-D160A73D52EE}.Release|Any CPU.Build.0 = Release|Any CPU
	EndGlobalSection
	GlobalSection(SolutionProperties) = preSolution
		HideSolutionNode = FALSE
	EndGlobalSection
	GlobalSection(ExtensibilityGlobals) = postSolution
		SolutionGuid = {376977C4-C76E-43C6-AABC-C3295D7E07ED}
	EndGlobalSection
EndGlobal
